{
  "name": "api",
  "version": "0.1.0",
  "lockfileVersion": 3,
  "requires": true,
  "packages": {
    "": {
      "name": "api",
      "version": "0.1.0",
      "dependencies": {
        "@fastify/cookie": "^11.0.2",
        "@fastify/cors": "^9.0.1",
        "@fastify/helmet": "^11.1.1",
        "@fastify/jwt": "^8.0.1",
        "@fastify/multipart": "^8.3.1",
        "@fastify/rate-limit": "^9.1.0",
        "@fastify/websocket": "^10.0.1",
        "@supabase/supabase-js": "^2.99.1",
        "fastify": "^4.28.1",
        "fastify-plugin": "^4.5.1",
        "pg": "^8.13.0",
        "zod": "^3.23.8"
      },
      "devDependencies": {
        "@types/node": "24.0.0",
        "@types/pg": "^8.11.0",
        "esbuild": "^0.24.0",
        "tsx": "^4.21.0",
        "typescript": "5.8.3"
      }
    },
    "../../node_modules/.pnpm/@fastify+cookie@11.0.2/node_modules/@fastify/cookie": {
      "version": "11.0.2",
      "funding": [
        {
          "type": "github",
          "url": "https://github.com/sponsors/fastify"
        },
        {
          "type": "opencollective",
          "url": "https://opencollective.com/fastify"
        }
      ],
      "license": "MIT",
      "dependencies": {
        "cookie": "^1.0.0",
        "fastify-plugin": "^5.0.0"
      },
      "devDependencies": {
        "@fastify/pre-commit": "^2.1.0",
        "@types/node": "^22.0.0",
        "benchmark": "^2.1.4",
        "c8": "^10.1.2",
        "eslint": "^9.17.0",
        "fastify": "^5.0.0",
        "neostandard": "^0.12.0",
        "sinon": "^19.0.2",
        "tsd": "^0.31.1"
      }
    },
    "../../node_modules/.pnpm/@fastify+cors@9.0.1/node_modules/@fastify/cors": {
      "version": "9.0.1",
      "license": "MIT",
      "dependencies": {
        "fastify-plugin": "^4.0.0",
        "mnemonist": "0.39.6"
      },
      "devDependencies": {
        "@fastify/pre-commit": "^2.0.2",
        "@types/node": "^20.1.0",
        "@typescript-eslint/eslint-plugin": "^6.4.1",
        "@typescript-eslint/parser": "^6.4.0",
        "cors": "^2.8.5",
        "fastify": "^4.0.0-rc.2",
        "standard": "^17.0.0",
        "tap": "16.3.9",
        "tsd": "^0.30.0",
        "typescript": "^5.0.2"
      }
    },
    "../../node_modules/.pnpm/@fastify+helmet@11.1.1/node_modules/@fastify/helmet": {
      "version": "11.1.1",
      "license": "MIT",
      "dependencies": {
        "fastify-plugin": "^4.2.1",
        "helmet": "^7.0.0"
      },
      "devDependencies": {
        "@fastify/pre-commit": "^2.0.2",
        "@types/node": "^20.1.2",
        "fastify": "^4.7.0",
        "snazzy": "^9.0.0",
        "standard": "^17.0.0",
        "tap": "^16.0.0",
        "tsd": "^0.29.0"
      }
    },
    "../../node_modules/.pnpm/@fastify+jwt@8.0.1/node_modules/@fastify/jwt": {
      "version": "8.0.1",
      "license": "MIT",
      "dependencies": {
        "@fastify/error": "^3.0.0",
        "@lukeed/ms": "^2.0.0",
        "fast-jwt": "^4.0.0",
        "fastify-plugin": "^4.0.0",
        "steed": "^1.1.3"
      },
      "devDependencies": {
        "@fastify/cookie": "^9.0.4",
        "@fastify/pre-commit": "^2.0.2",
        "@types/node": "^20.1.1",
        "fastify": "^4.0.0-rc.2",
        "standard": "^17.0.0",
        "tap": "^16.0.0",
        "tsd": "^0.31.0"
      }
    },
    "../../node_modules/.pnpm/@fastify+multipart@8.3.1/node_modules/@fastify/multipart": {
      "version": "8.3.1",
      "license": "MIT",
      "dependencies": {
        "@fastify/busboy": "^3.0.0",
        "@fastify/deepmerge": "^2.0.0",
        "@fastify/error": "^4.0.0",
        "fastify-plugin": "^4.0.0",
        "secure-json-parse": "^2.4.0",
        "stream-wormhole": "^1.1.0"
      },
      "devDependencies": {
        "@fastify/pre-commit": "^2.0.2",
        "@fastify/swagger": "^8.10.1",
        "@fastify/swagger-ui": "^4.0.0",
        "@types/node": "^20.1.0",
        "@typescript-eslint/eslint-plugin": "^7.1.0",
        "@typescript-eslint/parser": "^7.1.0",
        "benchmark": "^2.1.4",
        "climem": "^2.0.0",
        "concat-stream": "^2.0.0",
        "eslint": "^8.20.0",
        "fastify": "^4.0.0",
        "form-data": "^4.0.0",
        "h2url": "^0.2.0",
        "noop-stream": "^0.1.0",
        "pump": "^3.0.0",
        "readable-stream": "^4.5.1",
        "snazzy": "^9.0.0",
        "standard": "^17.0.0",
        "tap": "^16.0.0",
        "tsd": "^0.31.0"
      }
    },
    "../../node_modules/.pnpm/@fastify+rate-limit@9.1.0/node_modules/@fastify/rate-limit": {
      "version": "9.1.0",
      "license": "MIT",
      "dependencies": {
        "@lukeed/ms": "^2.0.1",
        "fastify-plugin": "^4.0.0",
        "toad-cache": "^3.3.1"
      },
      "devDependencies": {
        "@fastify/pre-commit": "^2.0.2",
        "@sinonjs/fake-timers": "^11.0.0",
        "@types/node": "^20.1.1",
        "fastify": "^4.7.0",
        "ioredis": "^5.0.5",
        "knex": "^3.0.1",
        "sqlite3": "^5.0.2",
        "standard": "^17.0.0",
        "tap": "^16.0.0",
        "tsd": "^0.30.0"
      }
    },
    "../../node_modules/.pnpm/@fastify+websocket@10.0.1/node_modules/@fastify/websocket": {
      "version": "10.0.1",
      "license": "MIT",
      "dependencies": {
        "duplexify": "^4.1.2",
        "fastify-plugin": "^4.0.0",
        "ws": "^8.0.0"
      },
      "devDependencies": {
        "@fastify/pre-commit": "^2.0.2",
        "@fastify/type-provider-typebox": "^4.0.0",
        "@types/node": "^20.1.0",
        "@types/ws": "^8.2.2",
        "fastify": "^4.25.0",
        "fastify-tsconfig": "^2.0.0",
        "split2": "^4.1.0",
        "standard": "^17.0.0",
        "tap": "^16.0.0",
        "tsd": "^0.30.1"
      }
    },
    "../../node_modules/.pnpm/@supabase+supabase-js@2.102.1/node_modules/@supabase/supabase-js": {
      "version": "2.102.1",
      "license": "MIT",
      "dependencies": {
        "@supabase/auth-js": "2.102.1",
        "@supabase/functions-js": "2.102.1",
        "@supabase/postgrest-js": "2.102.1",
        "@supabase/realtime-js": "2.102.1",
        "@supabase/storage-js": "2.102.1"
      },
      "devDependencies": {
        "jsr": "^0.13.5",
        "puppeteer": "^24.9.0"
      },
      "engines": {
        "node": ">=20.0.0"
      }
    },
    "../../node_modules/.pnpm/@types+node@24.0.0/node_modules/@types/node": {
      "version": "24.0.0",
      "dev": true,
      "license": "MIT",
      "dependencies": {
        "undici-types": "~7.8.0"
      }
    },
    "../../node_modules/.pnpm/@types+pg@8.20.0/node_modules/@types/pg": {
      "version": "8.20.0",
      "dev": true,
      "license": "MIT",
      "dependencies": {
        "@types/node": "*",
        "pg-protocol": "*",
        "pg-types": "^2.2.0"
      }
    },
    "../../node_modules/.pnpm/fastify-plugin@4.5.1/node_modules/fastify-plugin": {
      "version": "4.5.1",
      "license": "MIT",
      "devDependencies": {
        "@fastify/type-provider-typebox": "^3.0.0",
        "@types/node": "^20.1.0",
        "fastify": "^4.0.1",
        "proxyquire": "^2.1.3",
        "standard": "^17.0.0",
        "tap": "^16.0.1",
        "tsd": "^0.28.0"
      }
    },
    "../../node_modules/.pnpm/fastify@4.29.1/node_modules/fastify": {
      "version": "4.29.1",
      "funding": [
        {
          "type": "github",
          "url": "https://github.com/sponsors/fastify"
        },
        {
          "type": "opencollective",
          "url": "https://opencollective.com/fastify"
        }
      ],
      "license": "MIT",
      "dependencies": {
        "@fastify/ajv-compiler": "^3.5.0",
        "@fastify/error": "^3.4.0",
        "@fastify/fast-json-stringify-compiler": "^4.3.0",
        "abstract-logging": "^2.0.1",
        "avvio": "^8.3.0",
        "fast-content-type-parse": "^1.1.0",
        "fast-json-stringify": "^5.8.0",
        "find-my-way": "^8.0.0",
        "light-my-request": "^5.11.0",
        "pino": "^9.0.0",
        "process-warning": "^3.0.0",
        "proxy-addr": "^2.0.7",
        "rfdc": "^1.3.0",
        "secure-json-parse": "^2.7.0",
        "semver": "^7.5.4",
        "toad-cache": "^3.3.0"
      },
      "devDependencies": {
        "@fastify/pre-commit": "^2.0.2",
        "@sinclair/typebox": "^0.31.17",
        "@sinonjs/fake-timers": "^11.1.0",
        "@types/node": "^20.8.4",
        "@typescript-eslint/eslint-plugin": "^6.7.5",
        "@typescript-eslint/parser": "^6.7.5",
        "ajv": "^8.12.0",
        "ajv-errors": "^3.0.0",
        "ajv-formats": "^2.1.1",
        "ajv-i18n": "^4.2.0",
        "ajv-merge-patch": "^5.0.1",
        "autocannon": "^7.14.0",
        "branch-comparer": "^1.1.0",
        "c8": "^8.0.1",
        "concurrently": "^8.2.2",
        "cross-env": "^7.0.3",
        "eslint": "^8.51.0",
        "eslint-config-standard": "^17.1.0",
        "eslint-import-resolver-node": "^0.3.9",
        "eslint-plugin-import": "^2.28.1",
        "eslint-plugin-n": "^16.2.0",
        "eslint-plugin-promise": "^6.1.1",
        "fast-json-body": "^1.1.0",
        "fastify-plugin": "^4.5.1",
        "fluent-json-schema": "^4.1.2",
        "form-data": "^4.0.0",
        "h2url": "^0.2.0",
        "http-errors": "^2.0.0",
        "joi": "^17.11.0",
        "json-schema-to-ts": "^2.9.2",
        "JSONStream": "^1.3.5",
        "markdownlint-cli2": "^0.10.0",
        "node-forge": "^1.3.1",
        "proxyquire": "^2.1.3",
        "send": "^0.18.0",
        "simple-get": "^4.0.1",
        "snazzy": "^9.0.0",
        "split2": "^4.2.0",
        "standard": "^17.1.0",
        "tap": "^16.3.9",
        "tsd": "^0.29.0",
        "typescript": "^5.2.2",
        "undici": "^5.26.0",
        "vary": "^1.1.2",
        "yup": "^1.3.2"
      }
    },
    "../../node_modules/.pnpm/pg@8.20.0/node_modules/pg": {
      "version": "8.20.0",
      "license": "MIT",
      "dependencies": {
        "pg-connection-string": "^2.12.0",
        "pg-pool": "^3.13.0",
        "pg-protocol": "^1.13.0",
        "pg-types": "2.2.0",
        "pgpass": "1.0.5"
      },
      "devDependencies": {
        "@cloudflare/vitest-pool-workers": "0.8.23",
        "@cloudflare/workers-types": "^4.20230404.0",
        "async": "2.6.4",
        "bluebird": "3.7.2",
        "co": "4.6.0",
        "pg-copy-streams": "0.3.0",
        "typescript": "^4.0.3",
        "vitest": "~3.0.9",
        "wrangler": "^3.x"
      },
      "engines": {
        "node": ">= 16.0.0"
      },
      "optionalDependencies": {
        "pg-cloudflare": "^1.3.0"
      },
      "peerDependencies": {
        "pg-native": ">=3.0.1"
      },
      "peerDependenciesMeta": {
        "pg-native": {
          "optional": true
        }
      }
    },
    "../../node_modules/.pnpm/tsx@4.21.0/node_modules/tsx": {
      "version": "4.21.0",
      "dev": true,
      "license": "MIT",
      "dependencies": {
        "esbuild": "~0.27.0",
        "get-tsconfig": "^4.7.5"
      },
      "bin": {
        "tsx": "dist/cli.mjs"
      },
      "engines": {
        "node": ">=18.0.0"
      },
      "optionalDependencies": {
        "fsevents": "~2.3.3"
      }
    },
    "../../node_modules/.pnpm/typescript@5.8.3/node_modules/typescript": {
      "version": "5.8.3",
      "dev": true,
      "license": "Apache-2.0",
      "bin": {
        "tsc": "bin/tsc",
        "tsserver": "bin/tsserver"
      },
      "devDependencies": {
        "@dprint/formatter": "^0.4.1",
        "@dprint/typescript": "0.93.3",
        "@esfx/canceltoken": "^1.0.0",
        "@eslint/js": "^9.17.0",
        "@octokit/rest": "^21.0.2",
        "@types/chai": "^4.3.20",
        "@types/diff": "^5.2.3",
        "@types/minimist": "^1.2.5",
        "@types/mocha": "^10.0.10",
        "@types/ms": "^0.7.34",
        "@types/node": "latest",
        "@types/source-map-support": "^0.5.10",
        "@types/which": "^3.0.4",
        "@typescript-eslint/rule-tester": "^8.18.1",
        "@typescript-eslint/type-utils": "^8.18.1",
        "@typescript-eslint/utils": "^8.18.1",
        "azure-devops-node-api": "^14.1.0",
        "c8": "^10.1.3",
        "chai": "^4.5.0",
        "chalk": "^4.1.2",
        "chokidar": "^3.6.0",
        "diff": "^5.2.0",
        "dprint": "^0.47.6",
        "esbuild": "^0.24.0",
        "eslint": "^9.17.0",
        "eslint-formatter-autolinkable-stylish": "^1.4.0",
        "eslint-plugin-regexp": "^2.7.0",
        "fast-xml-parser": "^4.5.1",
        "glob": "^10.4.5",
        "globals": "^15.13.0",
        "hereby": "^1.10.0",
        "jsonc-parser": "^3.3.1",
        "knip": "^5.41.0",
        "minimist": "^1.2.8",
        "mocha": "^10.8.2",
        "mocha-fivemat-progress-reporter": "^0.1.0",
        "monocart-coverage-reports": "^2.11.4",
        "ms": "^2.1.3",
        "playwright": "^1.49.1",
        "source-map-support": "^0.5.21",
        "tslib": "^2.8.1",
        "typescript": "^5.7.2",
        "typescript-eslint": "^8.18.1",
        "which": "^3.0.1"
      },
      "engines": {
        "node": ">=14.17"
      }
    },
    "../../node_modules/.pnpm/zod@3.25.76/node_modules/zod": {
      "version": "3.25.76",
      "license": "MIT",
      "funding": {
        "url": "https://github.com/sponsors/colinhacks"
      }
    },
    "../../packages/types": {
      "name": "@lvzhi/types",
      "version": "0.1.0",
      "extraneous": true,
      "devDependencies": {
        "tsx": "^4.21.0",
        "typescript": "5.8.3"
      }
    },
    "node_modules/@esbuild/aix-ppc64": {
      "version": "0.24.2",
      "resolved": "https://registry.npmjs.org/@esbuild/aix-ppc64/-/aix-ppc64-0.24.2.tgz",
      "integrity": "sha512-thpVCb/rhxE/BnMLQ7GReQLLN8q9qbHmI55F4489/ByVg2aQaQ6kbcLb6FHkocZzQhxc4gx0sCk0tJkKBFzDhA==",
      "cpu": [
        "ppc64"
      ],
      "dev": true,
      "license": "MIT",
      "optional": true,
      "os": [
        "aix"
      ],
      "engines": {
        "node": ">=18"
      }
    },
    "node_modules/@esbuild/android-arm": {
      "version": "0.24.2",
      "resolved": "https://registry.npmjs.org/@esbuild/android-arm/-/android-arm-0.24.2.tgz",
      "integrity": "sha512-tmwl4hJkCfNHwFB3nBa8z1Uy3ypZpxqxfTQOcHX+xRByyYgunVbZ9MzUUfb0RxaHIMnbHagwAxuTL+tnNM+1/Q==",
      "cpu": [
        "arm"
      ],
      "dev": true,
      "license": "MIT",
      "optional": true,
      "os": [
        "android"
      ],
      "engines": {
        "node": ">=18"
      }
    },
    "node_modules/@esbuild/android-arm64": {
      "version": "0.24.2",
      "resolved": "https://registry.npmjs.org/@esbuild/android-arm64/-/android-arm64-0.24.2.tgz",
      "integrity": "sha512-cNLgeqCqV8WxfcTIOeL4OAtSmL8JjcN6m09XIgro1Wi7cF4t/THaWEa7eL5CMoMBdjoHOTh/vwTO/o2TRXIyzg==",
      "cpu": [
        "arm64"
      ],
      "dev": true,
      "license": "MIT",
      "optional": true,
      "os": [
        "android"
      ],
      "engines": {
        "node": ">=18"
      }
    },
    "node_modules/@esbuild/android-x64": {
      "version": "0.24.2",
      "resolved": "https://registry.npmjs.org/@esbuild/android-x64/-/android-x64-0.24.2.tgz",
      "integrity": "sha512-B6Q0YQDqMx9D7rvIcsXfmJfvUYLoP722bgfBlO5cGvNVb5V/+Y7nhBE3mHV9OpxBf4eAS2S68KZztiPaWq4XYw==",
      "cpu": [
        "x64"
      ],
      "dev": true,
      "license": "MIT",
      "optional": true,
      "os": [
        "android"
      ],
      "engines": {
        "node": ">=18"
      }
    },
    "node_modules/@esbuild/darwin-arm64": {
      "version": "0.24.2",
      "resolved": "https://registry.npmjs.org/@esbuild/darwin-arm64/-/darwin-arm64-0.24.2.tgz",
      "integrity": "sha512-kj3AnYWc+CekmZnS5IPu9D+HWtUI49hbnyqk0FLEJDbzCIQt7hg7ucF1SQAilhtYpIujfaHr6O0UHlzzSPdOeA==",
      "cpu": [
        "arm64"
      ],
      "dev": true,
      "license": "MIT",
      "optional": true,
      "os": [
        "darwin"
      ],
      "engines": {
        "node": ">=18"
      }
    },
    "node_modules/@esbuild/darwin-x64": {
      "version": "0.24.2",
      "resolved": "https://registry.npmjs.org/@esbuild/darwin-x64/-/darwin-x64-0.24.2.tgz",
      "integrity": "sha512-WeSrmwwHaPkNR5H3yYfowhZcbriGqooyu3zI/3GGpF8AyUdsrrP0X6KumITGA9WOyiJavnGZUwPGvxvwfWPHIA==",
      "cpu": [
        "x64"
      ],
      "dev": true,
      "license": "MIT",
      "optional": true,
      "os": [
        "darwin"
      ],
      "engines": {
        "node": ">=18"
      }
    },
    "node_modules/@esbuild/freebsd-arm64": {
      "version": "0.24.2",
      "resolved": "https://registry.npmjs.org/@esbuild/freebsd-arm64/-/freebsd-arm64-0.24.2.tgz",
      "integrity": "sha512-UN8HXjtJ0k/Mj6a9+5u6+2eZ2ERD7Edt1Q9IZiB5UZAIdPnVKDoG7mdTVGhHJIeEml60JteamR3qhsr1r8gXvg==",
      "cpu": [
        "arm64"
      ],
      "dev": true,
      "license": "MIT",
      "optional": true,
      "os": [
        "freebsd"
      ],
      "engines": {
        "node": ">=18"
      }
    },
    "node_modules/@esbuild/freebsd-x64": {
      "version": "0.24.2",
      "resolved": "https://registry.npmjs.org/@esbuild/freebsd-x64/-/freebsd-x64-0.24.2.tgz",
      "integrity": "sha512-TvW7wE/89PYW+IevEJXZ5sF6gJRDY/14hyIGFXdIucxCsbRmLUcjseQu1SyTko+2idmCw94TgyaEZi9HUSOe3Q==",
      "cpu": [
        "x64"
      ],
      "dev": true,
      "license": "MIT",
      "optional": true,
      "os": [
        "freebsd"
      ],
      "engines": {
        "node": ">=18"
      }
    },
    "node_modules/@esbuild/linux-arm": {
      "version": "0.24.2",
      "resolved": "https://registry.npmjs.org/@esbuild/linux-arm/-/linux-arm-0.24.2.tgz",
      "integrity": "sha512-n0WRM/gWIdU29J57hJyUdIsk0WarGd6To0s+Y+LwvlC55wt+GT/OgkwoXCXvIue1i1sSNWblHEig00GBWiJgfA==",
      "cpu": [
        "arm"
      ],
      "dev": true,
      "license": "MIT",
      "optional": true,
      "os": [
        "linux"
      ],
      "engines": {
        "node": ">=18"
      }
    },
    "node_modules/@esbuild/linux-arm64": {
      "version": "0.24.2",
      "resolved": "https://registry.npmjs.org/@esbuild/linux-arm64/-/linux-arm64-0.24.2.tgz",
      "integrity": "sha512-7HnAD6074BW43YvvUmE/35Id9/NB7BeX5EoNkK9obndmZBUk8xmJJeU7DwmUeN7tkysslb2eSl6CTrYz6oEMQg==",
      "cpu": [
        "arm64"
      ],
      "dev": true,
      "license": "MIT",
      "optional": true,
      "os": [
        "linux"
      ],
      "engines": {
        "node": ">=18"
      }
    },
    "node_modules/@esbuild/linux-ia32": {
      "version": "0.24.2",
      "resolved": "https://registry.npmjs.org/@esbuild/linux-ia32/-/linux-ia32-0.24.2.tgz",
      "integrity": "sha512-sfv0tGPQhcZOgTKO3oBE9xpHuUqguHvSo4jl+wjnKwFpapx+vUDcawbwPNuBIAYdRAvIDBfZVvXprIj3HA+Ugw==",
      "cpu": [
        "ia32"
      ],
      "dev": true,
      "license": "MIT",
      "optional": true,
      "os": [
        "linux"
      ],
      "engines": {
        "node": ">=18"
      }
    },
    "node_modules/@esbuild/linux-loong64": {
      "version": "0.24.2",
      "resolved": "https://registry.npmjs.org/@esbuild/linux-loong64/-/linux-loong64-0.24.2.tgz",
      "integrity": "sha512-CN9AZr8kEndGooS35ntToZLTQLHEjtVB5n7dl8ZcTZMonJ7CCfStrYhrzF97eAecqVbVJ7APOEe18RPI4KLhwQ==",
      "cpu": [
        "loong64"
      ],
      "dev": true,
      "license": "MIT",
      "optional": true,
      "os": [
        "linux"
      ],
      "engines": {
        "node": ">=18"
      }
    },
    "node_modules/@esbuild/linux-mips64el": {
      "version": "0.24.2",
      "resolved": "https://registry.npmjs.org/@esbuild/linux-mips64el/-/linux-mips64el-0.24.2.tgz",
      "integrity": "sha512-iMkk7qr/wl3exJATwkISxI7kTcmHKE+BlymIAbHO8xanq/TjHaaVThFF6ipWzPHryoFsesNQJPE/3wFJw4+huw==",
      "cpu": [
        "mips64el"
      ],
      "dev": true,
      "license": "MIT",
      "optional": true,
      "os": [
        "linux"
      ],
      "engines": {
        "node": ">=18"
      }
    },
    "node_modules/@esbuild/linux-ppc64": {
      "version": "0.24.2",
      "resolved": "https://registry.npmjs.org/@esbuild/linux-ppc64/-/linux-ppc64-0.24.2.tgz",
      "integrity": "sha512-shsVrgCZ57Vr2L8mm39kO5PPIb+843FStGt7sGGoqiiWYconSxwTiuswC1VJZLCjNiMLAMh34jg4VSEQb+iEbw==",
      "cpu": [
        "ppc64"
      ],
      "dev": true,
      "license": "MIT",
      "optional": true,
      "os": [
        "linux"
      ],
      "engines": {
        "node": ">=18"
      }
    },
    "node_modules/@esbuild/linux-riscv64": {
      "version": "0.24.2",
      "resolved": "https://registry.npmjs.org/@esbuild/linux-riscv64/-/linux-riscv64-0.24.2.tgz",
      "integrity": "sha512-4eSFWnU9Hhd68fW16GD0TINewo1L6dRrB+oLNNbYyMUAeOD2yCK5KXGK1GH4qD/kT+bTEXjsyTCiJGHPZ3eM9Q==",
      "cpu": [
        "riscv64"
      ],
      "dev": true,
      "license": "MIT",
      "optional": true,
      "os": [
        "linux"
      ],
      "engines": {
        "node": ">=18"
      }
    },
    "node_modules/@esbuild/linux-s390x": {
      "version": "0.24.2",
      "resolved": "https://registry.npmjs.org/@esbuild/linux-s390x/-/linux-s390x-0.24.2.tgz",
      "integrity": "sha512-S0Bh0A53b0YHL2XEXC20bHLuGMOhFDO6GN4b3YjRLK//Ep3ql3erpNcPlEFed93hsQAjAQDNsvcK+hV90FubSw==",
      "cpu": [
        "s390x"
      ],
      "dev": true,
      "license": "MIT",
      "optional": true,
      "os": [
        "linux"
      ],
      "engines": {
        "node": ">=18"
      }
    },
    "node_modules/@esbuild/linux-x64": {
      "version": "0.24.2",
      "resolved": "https://registry.npmjs.org/@esbuild/linux-x64/-/linux-x64-0.24.2.tgz",
      "integrity": "sha512-8Qi4nQcCTbLnK9WoMjdC9NiTG6/E38RNICU6sUNqK0QFxCYgoARqVqxdFmWkdonVsvGqWhmm7MO0jyTqLqwj0Q==",
      "cpu": [
        "x64"
      ],
      "dev": true,
      "license": "MIT",
      "optional": true,
      "os": [
        "linux"
      ],
      "engines": {
        "node": ">=18"
      }
    },
    "node_modules/@esbuild/netbsd-arm64": {
      "version": "0.24.2",
      "resolved": "https://registry.npmjs.org/@esbuild/netbsd-arm64/-/netbsd-arm64-0.24.2.tgz",
      "integrity": "sha512-wuLK/VztRRpMt9zyHSazyCVdCXlpHkKm34WUyinD2lzK07FAHTq0KQvZZlXikNWkDGoT6x3TD51jKQ7gMVpopw==",
      "cpu": [
        "arm64"
      ],
      "dev": true,
      "license": "MIT",
      "optional": true,
      "os": [
        "netbsd"
      ],
      "engines": {
        "node": ">=18"
      }
    },
    "node_modules/@esbuild/netbsd-x64": {
      "version": "0.24.2",
      "resolved": "https://registry.npmjs.org/@esbuild/netbsd-x64/-/netbsd-x64-0.24.2.tgz",
      "integrity": "sha512-VefFaQUc4FMmJuAxmIHgUmfNiLXY438XrL4GDNV1Y1H/RW3qow68xTwjZKfj/+Plp9NANmzbH5R40Meudu8mmw==",
      "cpu": [
        "x64"
      ],
      "dev": true,
      "license": "MIT",
      "optional": true,
      "os": [
        "netbsd"
      ],
      "engines": {
        "node": ">=18"
      }
    },
    "node_modules/@esbuild/openbsd-arm64": {
      "version": "0.24.2",
      "resolved": "https://registry.npmjs.org/@esbuild/openbsd-arm64/-/openbsd-arm64-0.24.2.tgz",
      "integrity": "sha512-YQbi46SBct6iKnszhSvdluqDmxCJA+Pu280Av9WICNwQmMxV7nLRHZfjQzwbPs3jeWnuAhE9Jy0NrnJ12Oz+0A==",
      "cpu": [
        "arm64"
      ],
      "dev": true,
      "license": "MIT",
      "optional": true,
      "os": [
        "openbsd"
      ],
      "engines": {
        "node": ">=18"
      }
    },
    "node_modules/@esbuild/openbsd-x64": {
      "version": "0.24.2",
      "resolved": "https://registry.npmjs.org/@esbuild/openbsd-x64/-/openbsd-x64-0.24.2.tgz",
      "integrity": "sha512-+iDS6zpNM6EnJyWv0bMGLWSWeXGN/HTaF/LXHXHwejGsVi+ooqDfMCCTerNFxEkM3wYVcExkeGXNqshc9iMaOA==",
      "cpu": [
        "x64"
      ],
      "dev": true,
      "license": "MIT",
      "optional": true,
      "os": [
        "openbsd"
      ],
      "engines": {
        "node": ">=18"
      }
    },
    "node_modules/@esbuild/sunos-x64": {
      "version": "0.24.2",
      "resolved": "https://registry.npmjs.org/@esbuild/sunos-x64/-/sunos-x64-0.24.2.tgz",
      "integrity": "sha512-hTdsW27jcktEvpwNHJU4ZwWFGkz2zRJUz8pvddmXPtXDzVKTTINmlmga3ZzwcuMpUvLw7JkLy9QLKyGpD2Yxig==",
      "cpu": [
        "x64"
      ],
      "dev": true,
      "license": "MIT",
      "optional": true,
      "os": [
        "sunos"
      ],
      "engines": {
        "node": ">=18"
      }
    },
    "node_modules/@esbuild/win32-arm64": {
      "version": "0.24.2",
      "resolved": "https://registry.npmjs.org/@esbuild/win32-arm64/-/win32-arm64-0.24.2.tgz",
      "integrity": "sha512-LihEQ2BBKVFLOC9ZItT9iFprsE9tqjDjnbulhHoFxYQtQfai7qfluVODIYxt1PgdoyQkz23+01rzwNwYfutxUQ==",
      "cpu": [
        "arm64"
      ],
      "dev": true,
      "license": "MIT",
      "optional": true,
      "os": [
        "win32"
      ],
      "engines": {
        "node": ">=18"
      }
    },
    "node_modules/@esbuild/win32-ia32": {
      "version": "0.24.2",
      "resolved": "https://registry.npmjs.org/@esbuild/win32-ia32/-/win32-ia32-0.24.2.tgz",
      "integrity": "sha512-q+iGUwfs8tncmFC9pcnD5IvRHAzmbwQ3GPS5/ceCyHdjXubwQWI12MKWSNSMYLJMq23/IUCvJMS76PDqXe1fxA==",
      "cpu": [
        "ia32"
      ],
      "dev": true,
      "license": "MIT",
      "optional": true,
      "os": [
        "win32"
      ],
      "engines": {
        "node": ">=18"
      }
    },
    "node_modules/@esbuild/win32-x64": {
      "version": "0.24.2",
      "resolved": "https://registry.npmjs.org/@esbuild/win32-x64/-/win32-x64-0.24.2.tgz",
      "integrity": "sha512-7VTgWzgMGvup6aSqDPLiW5zHaxYJGTO4OokMjIlrCtf+VpEL+cXKtCvg723iguPYI5oaUNdS+/V7OU2gvXVWEg==",
      "cpu": [
        "x64"
      ],
      "dev": true,
      "license": "MIT",
      "optional": true,
      "os": [
        "win32"
      ],
      "engines": {
        "node": ">=18"
      }
    },
    "node_modules/@fastify/cookie": {
      "resolved": "../../node_modules/.pnpm/@fastify+cookie@11.0.2/node_modules/@fastify/cookie",
      "link": true
    },
    "node_modules/@fastify/cors": {
      "resolved": "../../node_modules/.pnpm/@fastify+cors@9.0.1/node_modules/@fastify/cors",
      "link": true
    },
    "node_modules/@fastify/helmet": {
      "resolved": "../../node_modules/.pnpm/@fastify+helmet@11.1.1/node_modules/@fastify/helmet",
      "link": true
    },
    "node_modules/@fastify/jwt": {
      "resolved": "../../node_modules/.pnpm/@fastify+jwt@8.0.1/node_modules/@fastify/jwt",
      "link": true
    },
    "node_modules/@fastify/multipart": {
      "resolved": "../../node_modules/.pnpm/@fastify+multipart@8.3.1/node_modules/@fastify/multipart",
      "link": true
    },
    "node_modules/@fastify/rate-limit": {
      "resolved": "../../node_modules/.pnpm/@fastify+rate-limit@9.1.0/node_modules/@fastify/rate-limit",
      "link": true
    },
    "node_modules/@fastify/websocket": {
      "resolved": "../../node_modules/.pnpm/@fastify+websocket@10.0.1/node_modules/@fastify/websocket",
      "link": true
    },
    "node_modules/@supabase/supabase-js": {
      "resolved": "../../node_modules/.pnpm/@supabase+supabase-js@2.102.1/node_modules/@supabase/supabase-js",
      "link": true
    },
    "node_modules/@types/node": {
      "resolved": "../../node_modules/.pnpm/@types+node@24.0.0/node_modules/@types/node",
      "link": true
    },
    "node_modules/@types/pg": {
      "resolved": "../../node_modules/.pnpm/@types+pg@8.20.0/node_modules/@types/pg",
      "link": true
    },
    "node_modules/esbuild": {
      "version": "0.24.2",
      "resolved": "https://registry.npmjs.org/esbuild/-/esbuild-0.24.2.tgz",
      "integrity": "sha512-+9egpBW8I3CD5XPe0n6BfT5fxLzxrlDzqydF3aviG+9ni1lDC/OvMHcxqEFV0+LANZG5R1bFMWfUrjVsdwxJvA==",
      "dev": true,
      "hasInstallScript": true,
      "license": "MIT",
      "bin": {
        "esbuild": "bin/esbuild"
      },
      "engines": {
        "node": ">=18"
      },
      "optionalDependencies": {
        "@esbuild/aix-ppc64": "0.24.2",
        "@esbuild/android-arm": "0.24.2",
        "@esbuild/android-arm64": "0.24.2",
        "@esbuild/android-x64": "0.24.2",
        "@esbuild/darwin-arm64": "0.24.2",
        "@esbuild/darwin-x64": "0.24.2",
        "@esbuild/freebsd-arm64": "0.24.2",
        "@esbuild/freebsd-x64": "0.24.2",
        "@esbuild/linux-arm": "0.24.2",
        "@esbuild/linux-arm64": "0.24.2",
        "@esbuild/linux-ia32": "0.24.2",
        "@esbuild/linux-loong64": "0.24.2",
        "@esbuild/linux-mips64el": "0.24.2",
        "@esbuild/linux-ppc64": "0.24.2",
        "@esbuild/linux-riscv64": "0.24.2",
        "@esbuild/linux-s390x": "0.24.2",
        "@esbuild/linux-x64": "0.24.2",
        "@esbuild/netbsd-arm64": "0.24.2",
        "@esbuild/netbsd-x64": "0.24.2",
        "@esbuild/openbsd-arm64": "0.24.2",
        "@esbuild/openbsd-x64": "0.24.2",
        "@esbuild/sunos-x64": "0.24.2",
        "@esbuild/win32-arm64": "0.24.2",
        "@esbuild/win32-ia32": "0.24.2",
        "@esbuild/win32-x64": "0.24.2"
      }
    },
    "node_modules/fastify": {
      "resolved": "../../node_modules/.pnpm/fastify@4.29.1/node_modules/fastify",
      "link": true
    },
    "node_modules/fastify-plugin": {
      "resolved": "../../node_modules/.pnpm/fastify-plugin@4.5.1/node_modules/fastify-plugin",
      "link": true
    },
    "node_modules/pg": {
      "resolved": "../../node_modules/.pnpm/pg@8.20.0/node_modules/pg",
      "link": true
    },
    "node_modules/tsx": {
      "resolved": "../../node_modules/.pnpm/tsx@4.21.0/node_modules/tsx",
      "link": true
    },
    "node_modules/typescript": {
      "resolved": "../../node_modules/.pnpm/typescript@5.8.3/node_modules/typescript",
      "link": true
    },
    "node_modules/zod": {
      "resolved": "../../node_modules/.pnpm/zod@3.25.76/node_modules/zod",
      "link": true
    }
  }
}
